
Microsoft Visual Studio Solution File, Format Version 12.00
# Visual Studio Version 16
VisualStudioVersion = 16.0.31129.286
MinimumVisualStudioVersion = 10.0.40219.1
Project("{9A19103F-16F7-4668-BE54-9A1E7A4F7556}") = "HNotifyIcon", "HNotifyIcon.csproj", "{F65C2E0A-B9BD-4703-9A91-BBA6653B7082}"
EndProject
Project("{FAE04EC0-301F-11D3-BF4B-00C04F79EFBC}") = "DynamicControlGenerator", "DynamicControlGenerator\DynamicControlGenerator.csproj", "{ABC6D7B2-6B60-437C-AB0C-754A51B28381}"
EndProject
Global
	GlobalSection(SolutionConfigurationPlatforms) = preSolution
		Debug|Any CPU = Debug|Any CPU
		Release|Any CPU = Release|Any CPU
	EndGlobalSection
	GlobalSection(ProjectConfigurationPlatforms) = postSolution
		{F65C2E0A-B9BD-4703-9A91-BBA6653B7082}.Debug|Any CPU.ActiveCfg = Debug|Any CPU
		{F65C2E0A-B9BD-4703-9A91-BBA6653B7082}.Debug|Any CPU.Build.0 = Debug|Any CPU
		{F65C2E0A-B9BD-4703-9A91-BBA6653B7082}.Release|Any CPU.ActiveCfg = Release|Any CPU
		{F65C2E0A-B9BD-4703-9A91-BBA6653B7082}.Release|Any CPU.Build.0 = Release|Any CPU
		{ABC6D7B2-6B60-437C-AB0C-754A51B28381}.Debug|Any CPU.ActiveCfg = Debug|Any CPU
		{ABC6D7B2-6B60-437C-AB0C-754A51B28381}.Debug|Any CPU.Build.0 = Debug|Any CPU
		{ABC6D7B2-6B60-437C-AB0C-754A51B28381}.Release|Any CPU.ActiveCfg = Release|Any CPU
		{ABC6D7B2-6B60-437C-AB0C-754A51B28381}.Release|Any CPU.Build.0 = Release|Any CPU
	EndGlobalSection
	GlobalSection(SolutionProperties) = preSolution
		HideSolutionNode = FALSE
	EndGlobalSection
	GlobalSection(ExtensibilityGlobals) = postSolution
		SolutionGuid = {202DBC90-7687-44FD-AD36-16DF74521C83}
	EndGlobalSection
EndGlobal
